// !$*UTF8*$!
{
	archiveVersion = 1;
	classes = {
	};
	objectVersion = 46;
	objects = {

/* Begin PBXBuildFile section */
		2776D11819AC40470053D0A6 /* tweetnacl.c in Sources */ = {isa = PBXBuildFile; fileRef = 2776D0F719AC1AF80053D0A6 /* tweetnacl.c */; settings = {COMPILER_FLAGS = "-Wno-shorten-64-to-32"; }; };
		2776D12E19AC4E680053D0A6 /* libSeekritOSX.a in Frameworks */ = {isa = PBXBuildFile; fileRef = 2776D10319AC40270053D0A6 /* libSeekritOSX.a */; };
		2776D12F19AC50620053D0A6 /* CBKey.m in Sources */ = {isa = PBXBuildFile; fileRef = 2776D0FB19AC1C1A0053D0A6 /* CBKey.m */; };
		2776D13019AC56E20053D0A6 /* Cocoa.framework in Frameworks */ = {isa = PBXBuildFile; fileRef = 2776D12B19AC4B590053D0A6 /* Cocoa.framework */; };
		2776D13219AC57D80053D0A6 /* Key_Test.m in Sources */ = {isa = PBXBuildFile; fileRef = 2776D13119AC57D80053D0A6 /* Key_Test.m */; };
		2776D18619AC5B930053D0A6 /* compare.h in Headers */ = {isa = PBXBuildFile; fileRef = 2776D13619AC5B930053D0A6 /* compare.h */; };
		2776D18719AC5B930053D0A6 /* curve_sigs.c in Sources */ = {isa = PBXBuildFile; fileRef = 2776D13719AC5B930053D0A6 /* curve_sigs.c */; settings = {COMPILER_FLAGS = "-Wno-shorten-64-to-32 -Wno-unused-variable"; }; };
		2776D18819AC5B930053D0A6 /* curve_sigs.h in Headers */ = {isa = PBXBuildFile; fileRef = 2776D13819AC5B930053D0A6 /* curve_sigs.h */; };
		2776D18A19AC5B930053D0A6 /* sha512.h in Headers */ = {isa = PBXBuildFile; fileRef = 2776D13A19AC5B930053D0A6 /* sha512.h */; };
		2776D18B19AC5B930053D0A6 /* sign_modified.c in Sources */ = {isa = PBXBuildFile; fileRef = 2776D13B19AC5B930053D0A6 /* sign_modified.c */; settings = {COMPILER_FLAGS = "-Wno-shorten-64-to-32"; }; };
		2776D18D19AC5B930053D0A6 /* zeroize.h in Headers */ = {isa = PBXBuildFile; fileRef = 2776D13D19AC5B930053D0A6 /* zeroize.h */; };
		2776D18E19AC5B930053D0A6 /* api.h in Headers */ = {isa = PBXBuildFile; fileRef = 2776D13E19AC5B930053D0A6 /* api.h */; };
		2776D18F19AC5B930053D0A6 /* base.h in Headers */ = {isa = PBXBuildFile; fileRef = 2776D13F19AC5B930053D0A6 /* base.h */; };
		2776D19019AC5B930053D0A6 /* base2.h in Headers */ = {isa = PBXBuildFile; fileRef = 2776D14019AC5B930053D0A6 /* base2.h */; };
		2776D19119AC5B930053D0A6 /* d.h in Headers */ = {isa = PBXBuildFile; fileRef = 2776D14119AC5B930053D0A6 /* d.h */; };
		2776D19219AC5B930053D0A6 /* d2.h in Headers */ = {isa = PBXBuildFile; fileRef = 2776D14219AC5B930053D0A6 /* d2.h */; };
		2776D19319AC5B930053D0A6 /* fe.h in Headers */ = {isa = PBXBuildFile; fileRef = 2776D14319AC5B930053D0A6 /* fe.h */; };
		2776D19519AC5B930053D0A6 /* fe_1.c in Sources */ = {isa = PBXBuildFile; fileRef = 2776D14519AC5B930053D0A6 /* fe_1.c */; settings = {COMPILER_FLAGS = "-Wno-shorten-64-to-32"; }; };
		2776D19619AC5B930053D0A6 /* fe_add.c in Sources */ = {isa = PBXBuildFile; fileRef = 2776D14619AC5B930053D0A6 /* fe_add.c */; settings = {COMPILER_FLAGS = "-Wno-shorten-64-to-32"; }; };
		2776D19719AC5B930053D0A6 /* fe_cmov.c in Sources */ = {isa = PBXBuildFile; fileRef = 2776D14719AC5B930053D0A6 /* fe_cmov.c */; settings = {COMPILER_FLAGS = "-Wno-shorten-64-to-32"; }; };
		2776D19819AC5B930053D0A6 /* fe_copy.c in Sources */ = {isa = PBXBuildFile; fileRef = 2776D14819AC5B930053D0A6 /* fe_copy.c */; settings = {COMPILER_FLAGS = "-Wno-shorten-64-to-32"; }; };
		2776D19919AC5B930053D0A6 /* fe_frombytes.c in Sources */ = {isa = PBXBuildFile; fileRef = 2776D14919AC5B930053D0A6 /* fe_frombytes.c */; settings = {COMPILER_FLAGS = "-Wno-shorten-64-to-32"; }; };
		2776D19A19AC5B930053D0A6 /* fe_invert.c in Sources */ = {isa = PBXBuildFile; fileRef = 2776D14A19AC5B930053D0A6 /* fe_invert.c */; settings = {COMPILER_FLAGS = "-Wno-shorten-64-to-32"; }; };
		2776D19B19AC5B930053D0A6 /* fe_isnegative.c in Sources */ = {isa = PBXBuildFile; fileRef = 2776D14B19AC5B930053D0A6 /* fe_isnegative.c */; settings = {COMPILER_FLAGS = "-Wno-shorten-64-to-32"; }; };
		2776D19C19AC5B930053D0A6 /* fe_isnonzero.c in Sources */ = {isa = PBXBuildFile; fileRef = 2776D14C19AC5B930053D0A6 /* fe_isnonzero.c */; settings = {COMPILER_FLAGS = "-Wno-shorten-64-to-32"; }; };
		2776D19D19AC5B930053D0A6 /* fe_mul.c in Sources */ = {isa = PBXBuildFile; fileRef = 2776D14D19AC5B930053D0A6 /* fe_mul.c */; settings = {COMPILER_FLAGS = "-Wno-shorten-64-to-32"; }; };
		2776D19E19AC5B930053D0A6 /* fe_neg.c in Sources */ = {isa = PBXBuildFile; fileRef = 2776D14E19AC5B930053D0A6 /* fe_neg.c */; settings = {COMPILER_FLAGS = "-Wno-shorten-64-to-32"; }; };
		2776D19F19AC5B930053D0A6 /* fe_pow22523.c in Sources */ = {isa = PBXBuildFile; fileRef = 2776D14F19AC5B930053D0A6 /* fe_pow22523.c */; settings = {COMPILER_FLAGS = "-Wno-shorten-64-to-32"; }; };
		2776D1A019AC5B930053D0A6 /* fe_sq.c in Sources */ = {isa = PBXBuildFile; fileRef = 2776D15019AC5B930053D0A6 /* fe_sq.c */; settings = {COMPILER_FLAGS = "-Wno-shorten-64-to-32"; }; };
		2776D1A119AC5B930053D0A6 /* fe_sq2.c in Sources */ = {isa = PBXBuildFile; fileRef = 2776D15119AC5B930053D0A6 /* fe_sq2.c */; settings = {COMPILER_FLAGS = "-Wno-shorten-64-to-32"; }; };
		2776D1A219AC5B930053D0A6 /* fe_sub.c in Sources */ = {isa = PBXBuildFile; fileRef = 2776D15219AC5B930053D0A6 /* fe_sub.c */; settings = {COMPILER_FLAGS = "-Wno-shorten-64-to-32"; }; };
		2776D1A319AC5B930053D0A6 /* fe_tobytes.c in Sources */ = {isa = PBXBuildFile; fileRef = 2776D15319AC5B930053D0A6 /* fe_tobytes.c */; settings = {COMPILER_FLAGS = "-Wno-shorten-64-to-32"; }; };
		2776D1A419AC5B930053D0A6 /* ge.h in Headers */ = {isa = PBXBuildFile; fileRef = 2776D15419AC5B930053D0A6 /* ge.h */; };
		2776D1A519AC5B930053D0A6 /* ge_add.c in Sources */ = {isa = PBXBuildFile; fileRef = 2776D15519AC5B930053D0A6 /* ge_add.c */; settings = {COMPILER_FLAGS = "-Wno-shorten-64-to-32"; }; };
		2776D1A619AC5B930053D0A6 /* ge_add.h in Headers */ = {isa = PBXBuildFile; fileRef = 2776D15619AC5B930053D0A6 /* ge_add.h */; };
		2776D1A719AC5B930053D0A6 /* ge_double_scalarmult.c in Sources */ = {isa = PBXBuildFile; fileRef = 2776D15719AC5B930053D0A6 /* ge_double_scalarmult.c */; settings = {COMPILER_FLAGS = "-Wno-shorten-64-to-32"; }; };
		2776D1A819AC5B930053D0A6 /* ge_frombytes.c in Sources */ = {isa = PBXBuildFile; fileRef = 2776D15819AC5B930053D0A6 /* ge_frombytes.c */; settings = {COMPILER_FLAGS = "-Wno-shorten-64-to-32"; }; };
		2776D1A919AC5B930053D0A6 /* ge_madd.c in Sources */ = {isa = PBXBuildFile; fileRef = 2776D15919AC5B930053D0A6 /* ge_madd.c */; settings = {COMPILER_FLAGS = "-Wno-shorten-64-to-32"; }; };
		2776D1AA19AC5B930053D0A6 /* ge_madd.h in Headers */ = {isa = PBXBuildFile; fileRef = 2776D15A19AC5B930053D0A6 /* ge_madd.h */; };
		2776D1AB19AC5B930053D0A6 /* ge_msub.c in Sources */ = {isa = PBXBuildFile; fileRef = 2776D15B19AC5B930053D0A6 /* ge_msub.c */; settings = {COMPILER_FLAGS = "-Wno-shorten-64-to-32"; }; };
		2776D1AC19AC5B930053D0A6 /* ge_msub.h in Headers */ = {isa = PBXBuildFile; fileRef = 2776D15C19AC5B930053D0A6 /* ge_msub.h */; };
		2776D1AD19AC5B930053D0A6 /* ge_p1p1_to_p2.c in Sources */ = {isa = PBXBuildFile; fileRef = 2776D15D19AC5B930053D0A6 /* ge_p1p1_to_p2.c */; settings = {COMPILER_FLAGS = "-Wno-shorten-64-to-32"; }; };
		2776D1AE19AC5B930053D0A6 /* ge_p1p1_to_p3.c in Sources */ = {isa = PBXBuildFile; fileRef = 2776D15E19AC5B930053D0A6 /* ge_p1p1_to_p3.c */; settings = {COMPILER_FLAGS = "-Wno-shorten-64-to-32"; }; };
		2776D1AF19AC5B930053D0A6 /* ge_p2_0.c in Sources */ = {isa = PBXBuildFile; fileRef = 2776D15F19AC5B930053D0A6 /* ge_p2_0.c */; settings = {COMPILER_FLAGS = "-Wno-shorten-64-to-32"; }; };
		2776D1B019AC5B930053D0A6 /* ge_p2_dbl.c in Sources */ = {isa = PBXBuildFile; fileRef = 2776D16019AC5B930053D0A6 /* ge_p2_dbl.c */; settings = {COMPILER_FLAGS = "-Wno-shorten-64-to-32"; }; };
		2776D1B119AC5B930053D0A6 /* ge_p2_dbl.h in Headers */ = {isa = PBXBuildFile; fileRef = 2776D16119AC5B930053D0A6 /* ge_p2_dbl.h */; };
		2776D1B219AC5B930053D0A6 /* ge_p3_0.c in Sources */ = {isa = PBXBuildFile; fileRef = 2776D16219AC5B930053D0A6 /* ge_p3_0.c */; settings = {COMPILER_FLAGS = "-Wno-shorten-64-to-32"; }; };
		2776D1B319AC5B930053D0A6 /* ge_p3_dbl.c in Sources */ = {isa = PBXBuildFile; fileRef = 2776D16319AC5B930053D0A6 /* ge_p3_dbl.c */; settings = {COMPILER_FLAGS = "-Wno-shorten-64-to-32"; }; };
		2776D1B419AC5B930053D0A6 /* ge_p3_to_cached.c in Sources */ = {isa = PBXBuildFile; fileRef = 2776D16419AC5B930053D0A6 /* ge_p3_to_cached.c */; settings = {COMPILER_FLAGS = "-Wno-shorten-64-to-32"; }; };
		2776D1B519AC5B930053D0A6 /* ge_p3_to_p2.c in Sources */ = {isa = PBXBuildFile; fileRef = 2776D16519AC5B930053D0A6 /* ge_p3_to_p2.c */; settings = {COMPILER_FLAGS = "-Wno-shorten-64-to-32"; }; };
		2776D1B619AC5B930053D0A6 /* ge_p3_tobytes.c in Sources */ = {isa = PBXBuildFile; fileRef = 2776D16619AC5B930053D0A6 /* ge_p3_tobytes.c */; settings = {COMPILER_FLAGS = "-Wno-shorten-64-to-32"; }; };
		2776D1B719AC5B930053D0A6 /* ge_precomp_0.c in Sources */ = {isa = PBXBuildFile; fileRef = 2776D16719AC5B930053D0A6 /* ge_precomp_0.c */; settings = {COMPILER_FLAGS = "-Wno-shorten-64-to-32"; }; };
		2776D1B819AC5B930053D0A6 /* ge_scalarmult_base.c in Sources */ = {isa = PBXBuildFile; fileRef = 2776D16819AC5B930053D0A6 /* ge_scalarmult_base.c */; settings = {COMPILER_FLAGS = "-Wno-shorten-64-to-32"; }; };
		2776D1B919AC5B930053D0A6 /* ge_sub.c in Sources */ = {isa = PBXBuildFile; fileRef = 2776D16919AC5B930053D0A6 /* ge_sub.c */; settings = {COMPILER_FLAGS = "-Wno-shorten-64-to-32"; }; };
		2776D1BA19AC5B930053D0A6 /* ge_sub.h in Headers */ = {isa = PBXBuildFile; fileRef = 2776D16A19AC5B930053D0A6 /* ge_sub.h */; };
		2776D1BB19AC5B930053D0A6 /* ge_tobytes.c in Sources */ = {isa = PBXBuildFile; fileRef = 2776D16B19AC5B930053D0A6 /* ge_tobytes.c */; settings = {COMPILER_FLAGS = "-Wno-shorten-64-to-32"; }; };
		2776D1BD19AC5B930053D0A6 /* crypto_hash_sha512.h in Headers */ = {isa = PBXBuildFile; fileRef = 2776D16F19AC5B930053D0A6 /* crypto_hash_sha512.h */; };
		2776D1BE19AC5B930053D0A6 /* crypto_int32.h in Headers */ = {isa = PBXBuildFile; fileRef = 2776D17019AC5B930053D0A6 /* crypto_int32.h */; };
		2776D1BF19AC5B930053D0A6 /* crypto_int64.h in Headers */ = {isa = PBXBuildFile; fileRef = 2776D17119AC5B930053D0A6 /* crypto_int64.h */; };
		2776D1C019AC5B930053D0A6 /* crypto_sign.h in Headers */ = {isa = PBXBuildFile; fileRef = 2776D17219AC5B930053D0A6 /* crypto_sign.h */; };
		2776D1C119AC5B930053D0A6 /* crypto_sign_edwards25519sha512batch.h in Headers */ = {isa = PBXBuildFile; fileRef = 2776D17319AC5B930053D0A6 /* crypto_sign_edwards25519sha512batch.h */; };
		2776D1C219AC5B930053D0A6 /* crypto_uint32.h in Headers */ = {isa = PBXBuildFile; fileRef = 2776D17419AC5B930053D0A6 /* crypto_uint32.h */; };
		2776D1C319AC5B930053D0A6 /* crypto_uint64.h in Headers */ = {isa = PBXBuildFile; fileRef = 2776D17519AC5B930053D0A6 /* crypto_uint64.h */; };
		2776D1C419AC5B930053D0A6 /* crypto_verify_32.h in Headers */ = {isa = PBXBuildFile; fileRef = 2776D17619AC5B930053D0A6 /* crypto_verify_32.h */; };
		2776D1C519AC5B930053D0A6 /* open.c in Sources */ = {isa = PBXBuildFile; fileRef = 2776D17719AC5B930053D0A6 /* open.c */; settings = {COMPILER_FLAGS = "-Wno-shorten-64-to-32"; }; };
		2776D1C619AC5B930053D0A6 /* pow22523.h in Headers */ = {isa = PBXBuildFile; fileRef = 2776D17819AC5B930053D0A6 /* pow22523.h */; };
		2776D1C719AC5B930053D0A6 /* pow225521.h in Headers */ = {isa = PBXBuildFile; fileRef = 2776D17919AC5B930053D0A6 /* pow225521.h */; };
		2776D1C819AC5B930053D0A6 /* sc.h in Headers */ = {isa = PBXBuildFile; fileRef = 2776D17A19AC5B930053D0A6 /* sc.h */; };
		2776D1C919AC5B930053D0A6 /* sc_muladd.c in Sources */ = {isa = PBXBuildFile; fileRef = 2776D17B19AC5B930053D0A6 /* sc_muladd.c */; settings = {COMPILER_FLAGS = "-Wno-shorten-64-to-32"; }; };
		2776D1CA19AC5B930053D0A6 /* sc_reduce.c in Sources */ = {isa = PBXBuildFile; fileRef = 2776D17C19AC5B930053D0A6 /* sc_reduce.c */; settings = {COMPILER_FLAGS = "-Wno-shorten-64-to-32"; }; };
		2776D1CC19AC5B930053D0A6 /* sha2big.c in Sources */ = {isa = PBXBuildFile; fileRef = 2776D18019AC5B930053D0A6 /* sha2big.c */; settings = {COMPILER_FLAGS = "-Wno-shorten-64-to-32"; }; };
		2776D1CD19AC5B930053D0A6 /* sph_sha2.h in Headers */ = {isa = PBXBuildFile; fileRef = 2776D18119AC5B930053D0A6 /* sph_sha2.h */; };
		2776D1CE19AC5B930053D0A6 /* sph_types.h in Headers */ = {isa = PBXBuildFile; fileRef = 2776D18219AC5B930053D0A6 /* sph_types.h */; };
		2776D1CF19AC5B930053D0A6 /* sign.c in Sources */ = {isa = PBXBuildFile; fileRef = 2776D18319AC5B930053D0A6 /* sign.c */; settings = {COMPILER_FLAGS = "-Wno-shorten-64-to-32"; }; };
		2776D1D019AC5B930053D0A6 /* sqrtm1.h in Headers */ = {isa = PBXBuildFile; fileRef = 2776D18419AC5B930053D0A6 /* sqrtm1.h */; };
		2776D1D119AC5CCF0053D0A6 /* compare.c in Sources */ = {isa = PBXBuildFile; fileRef = 2776D13519AC5B930053D0A6 /* compare.c */; };
		2776D1D319AD13C90053D0A6 /* zeroize.c in Sources */ = {isa = PBXBuildFile; fileRef = 2776D13C19AC5B930053D0A6 /* zeroize.c */; };
		2776D1D419AD14810053D0A6 /* fe_0.c in Sources */ = {isa = PBXBuildFile; fileRef = 2776D14419AC5B930053D0A6 /* fe_0.c */; };
		27A12C5F1A2E90B200846803 /* libSeekritIOS.a in Frameworks */ = {isa = PBXBuildFile; fileRef = 27A12C541A2E90B200846803 /* libSeekritIOS.a */; };
		27A12C6B1A2E90E500846803 /* CBKey.m in Sources */ = {isa = PBXBuildFile; fileRef = 2776D0FB19AC1C1A0053D0A6 /* CBKey.m */; };
		27A12C6C1A2E90E500846803 /* CBKey+Group.m in Sources */ = {isa = PBXBuildFile; fileRef = 27B960B919AE542500AAA1FD /* CBKey+Group.m */; };
		27A12C6D1A2E90E500846803 /* CanonicalJSON.m in Sources */ = {isa = PBXBuildFile; fileRef = 27B960BD19AE8EEE00AAA1FD /* CanonicalJSON.m */; };
		27A12C6E1A2E90E500846803 /* SignedJSON.m in Sources */ = {isa = PBXBuildFile; fileRef = 27B960BF19AE8EEE00AAA1FD /* SignedJSON.m */; };
		27A12C6F1A2E918800846803 /* Key_Test.m in Sources */ = {isa = PBXBuildFile; fileRef = 2776D13119AC57D80053D0A6 /* Key_Test.m */; };
		27A12C701A2E918B00846803 /* SignedJSON_Test.m in Sources */ = {isa = PBXBuildFile; fileRef = 27B960C519AE964800AAA1FD /* SignedJSON_Test.m */; };
		27A12C711A2E91E800846803 /* tweetnacl.c in Sources */ = {isa = PBXBuildFile; fileRef = 2776D0F719AC1AF80053D0A6 /* tweetnacl.c */; };
		27A12C721A2E920200846803 /* fe_0.c in Sources */ = {isa = PBXBuildFile; fileRef = 2776D14419AC5B930053D0A6 /* fe_0.c */; };
		27A12C731A2E920200846803 /* fe_1.c in Sources */ = {isa = PBXBuildFile; fileRef = 2776D14519AC5B930053D0A6 /* fe_1.c */; };
		27A12C741A2E920200846803 /* fe_add.c in Sources */ = {isa = PBXBuildFile; fileRef = 2776D14619AC5B930053D0A6 /* fe_add.c */; };
		27A12C751A2E920200846803 /* fe_cmov.c in Sources */ = {isa = PBXBuildFile; fileRef = 2776D14719AC5B930053D0A6 /* fe_cmov.c */; };
		27A12C761A2E920200846803 /* fe_copy.c in Sources */ = {isa = PBXBuildFile; fileRef = 2776D14819AC5B930053D0A6 /* fe_copy.c */; };
		27A12C771A2E920200846803 /* fe_frombytes.c in Sources */ = {isa = PBXBuildFile; fileRef = 2776D14919AC5B930053D0A6 /* fe_frombytes.c */; };
		27A12C781A2E920200846803 /* fe_invert.c in Sources */ = {isa = PBXBuildFile; fileRef = 2776D14A19AC5B930053D0A6 /* fe_invert.c */; };
		27A12C791A2E920200846803 /* fe_isnegative.c in Sources */ = {isa = PBXBuildFile; fileRef = 2776D14B19AC5B930053D0A6 /* fe_isnegative.c */; };
		27A12C7A1A2E920200846803 /* fe_isnonzero.c in Sources */ = {isa = PBXBuildFile; fileRef = 2776D14C19AC5B930053D0A6 /* fe_isnonzero.c */; };
		27A12C7B1A2E920200846803 /* fe_mul.c in Sources */ = {isa = PBXBuildFile; fileRef = 2776D14D19AC5B930053D0A6 /* fe_mul.c */; };
		27A12C7C1A2E920200846803 /* fe_neg.c in Sources */ = {isa = PBXBuildFile; fileRef = 2776D14E19AC5B930053D0A6 /* fe_neg.c */; };
		27A12C7D1A2E920200846803 /* fe_pow22523.c in Sources */ = {isa = PBXBuildFile; fileRef = 2776D14F19AC5B930053D0A6 /* fe_pow22523.c */; };
		27A12C7E1A2E920200846803 /* fe_sq.c in Sources */ = {isa = PBXBuildFile; fileRef = 2776D15019AC5B930053D0A6 /* fe_sq.c */; };
		27A12C7F1A2E920200846803 /* fe_sq2.c in Sources */ = {isa = PBXBuildFile; fileRef = 2776D15119AC5B930053D0A6 /* fe_sq2.c */; };
		27A12C801A2E920200846803 /* fe_sub.c in Sources */ = {isa = PBXBuildFile; fileRef = 2776D15219AC5B930053D0A6 /* fe_sub.c */; };
		27A12C811A2E920200846803 /* fe_tobytes.c in Sources */ = {isa = PBXBuildFile; fileRef = 2776D15319AC5B930053D0A6 /* fe_tobytes.c */; };
		27A12C821A2E920200846803 /* ge_add.c in Sources */ = {isa = PBXBuildFile; fileRef = 2776D15519AC5B930053D0A6 /* ge_add.c */; };
		27A12C831A2E920200846803 /* ge_double_scalarmult.c in Sources */ = {isa = PBXBuildFile; fileRef = 2776D15719AC5B930053D0A6 /* ge_double_scalarmult.c */; };
		27A12C841A2E920200846803 /* ge_frombytes.c in Sources */ = {isa = PBXBuildFile; fileRef = 2776D15819AC5B930053D0A6 /* ge_frombytes.c */; };
		27A12C851A2E920200846803 /* ge_madd.c in Sources */ = {isa = PBXBuildFile; fileRef = 2776D15919AC5B930053D0A6 /* ge_madd.c */; };
		27A12C861A2E920200846803 /* ge_msub.c in Sources */ = {isa = PBXBuildFile; fileRef = 2776D15B19AC5B930053D0A6 /* ge_msub.c */; };
		27A12C871A2E920200846803 /* ge_p1p1_to_p2.c in Sources */ = {isa = PBXBuildFile; fileRef = 2776D15D19AC5B930053D0A6 /* ge_p1p1_to_p2.c */; };
		27A12C881A2E920200846803 /* ge_p1p1_to_p3.c in Sources */ = {isa = PBXBuildFile; fileRef = 2776D15E19AC5B930053D0A6 /* ge_p1p1_to_p3.c */; };
		27A12C891A2E920200846803 /* ge_p2_0.c in Sources */ = {isa = PBXBuildFile; fileRef = 2776D15F19AC5B930053D0A6 /* ge_p2_0.c */; };
		27A12C8A1A2E920200846803 /* ge_p2_dbl.c in Sources */ = {isa = PBXBuildFile; fileRef = 2776D16019AC5B930053D0A6 /* ge_p2_dbl.c */; };
		27A12C8B1A2E920200846803 /* ge_p3_0.c in Sources */ = {isa = PBXBuildFile; fileRef = 2776D16219AC5B930053D0A6 /* ge_p3_0.c */; };
		27A12C8C1A2E920200846803 /* ge_p3_dbl.c in Sources */ = {isa = PBXBuildFile; fileRef = 2776D16319AC5B930053D0A6 /* ge_p3_dbl.c */; };
		27A12C8D1A2E920200846803 /* ge_p3_to_cached.c in Sources */ = {isa = PBXBuildFile; fileRef = 2776D16419AC5B930053D0A6 /* ge_p3_to_cached.c */; };
		27A12C8E1A2E920200846803 /* ge_p3_to_p2.c in Sources */ = {isa = PBXBuildFile; fileRef = 2776D16519AC5B930053D0A6 /* ge_p3_to_p2.c */; };
		27A12C8F1A2E920200846803 /* ge_p3_tobytes.c in Sources */ = {isa = PBXBuildFile; fileRef = 2776D16619AC5B930053D0A6 /* ge_p3_tobytes.c */; };
		27A12C901A2E920200846803 /* ge_precomp_0.c in Sources */ = {isa = PBXBuildFile; fileRef = 2776D16719AC5B930053D0A6 /* ge_precomp_0.c */; };
		27A12C911A2E920200846803 /* ge_scalarmult_base.c in Sources */ = {isa = PBXBuildFile; fileRef = 2776D16819AC5B930053D0A6 /* ge_scalarmult_base.c */; };
		27A12C921A2E920200846803 /* ge_sub.c in Sources */ = {isa = PBXBuildFile; fileRef = 2776D16919AC5B930053D0A6 /* ge_sub.c */; };
		27A12C931A2E920200846803 /* ge_tobytes.c in Sources */ = {isa = PBXBuildFile; fileRef = 2776D16B19AC5B930053D0A6 /* ge_tobytes.c */; };
		27A12C941A2E920200846803 /* open.c in Sources */ = {isa = PBXBuildFile; fileRef = 2776D17719AC5B930053D0A6 /* open.c */; };
		27A12C951A2E920200846803 /* sc_muladd.c in Sources */ = {isa = PBXBuildFile; fileRef = 2776D17B19AC5B930053D0A6 /* sc_muladd.c */; };
		27A12C961A2E920200846803 /* sc_reduce.c in Sources */ = {isa = PBXBuildFile; fileRef = 2776D17C19AC5B930053D0A6 /* sc_reduce.c */; };
		27A12C971A2E920200846803 /* sign.c in Sources */ = {isa = PBXBuildFile; fileRef = 2776D18319AC5B930053D0A6 /* sign.c */; };
		27A12C981A2E92E400846803 /* compare.c in Sources */ = {isa = PBXBuildFile; fileRef = 2776D13519AC5B930053D0A6 /* compare.c */; };
		27A12C991A2E92E900846803 /* curve_sigs.c in Sources */ = {isa = PBXBuildFile; fileRef = 2776D13719AC5B930053D0A6 /* curve_sigs.c */; };
		27A12C9B1A2E92F100846803 /* sign_modified.c in Sources */ = {isa = PBXBuildFile; fileRef = 2776D13B19AC5B930053D0A6 /* sign_modified.c */; };
		27A12C9C1A2E92F500846803 /* zeroize.c in Sources */ = {isa = PBXBuildFile; fileRef = 2776D13C19AC5B930053D0A6 /* zeroize.c */; };
		27A12C9D1A2E930800846803 /* sha2big.c in Sources */ = {isa = PBXBuildFile; fileRef = 2776D18019AC5B930053D0A6 /* sha2big.c */; };
		27A12C9E1A2E93AE00846803 /* sha512.c in Sources */ = {isa = PBXBuildFile; fileRef = 2776D13919AC5B930053D0A6 /* sha512.c */; };
		27A12C9F1A2E93AF00846803 /* sha512.c in Sources */ = {isa = PBXBuildFile; fileRef = 2776D13919AC5B930053D0A6 /* sha512.c */; };
		27B960BA19AE542500AAA1FD /* CBKey+Group.h in Headers */ = {isa = PBXBuildFile; fileRef = 27B960B819AE542500AAA1FD /* CBKey+Group.h */; };
		27B960BB19AE542500AAA1FD /* CBKey+Group.m in Sources */ = {isa = PBXBuildFile; fileRef = 27B960B919AE542500AAA1FD /* CBKey+Group.m */; };
		27B960C019AE8EEE00AAA1FD /* CanonicalJSON.h in Headers */ = {isa = PBXBuildFile; fileRef = 27B960BC19AE8EEE00AAA1FD /* CanonicalJSON.h */; };
		27B960C119AE8EEE00AAA1FD /* CanonicalJSON.m in Sources */ = {isa = PBXBuildFile; fileRef = 27B960BD19AE8EEE00AAA1FD /* CanonicalJSON.m */; };
		27B960C219AE8EEE00AAA1FD /* SignedJSON.h in Headers */ = {isa = PBXBuildFile; fileRef = 27B960BE19AE8EEE00AAA1FD /* SignedJSON.h */; };
		27B960C319AE8EEE00AAA1FD /* SignedJSON.m in Sources */ = {isa = PBXBuildFile; fileRef = 27B960BF19AE8EEE00AAA1FD /* SignedJSON.m */; };
		27B960C619AE964800AAA1FD /* SignedJSON_Test.m in Sources */ = {isa = PBXBuildFile; fileRef = 27B960C519AE964800AAA1FD /* SignedJSON_Test.m */; };
/* End PBXBuildFile section */

/* Begin PBXContainerItemProxy section */
		2776D11B19AC417F0053D0A6 /* PBXContainerItemProxy */ = {
			isa = PBXContainerItemProxy;
			containerPortal = 2776D0D719AC1ABD0053D0A6 /* Project object */;
			proxyType = 1;
			remoteGlobalIDString = 2776D10219AC40270053D0A6;
			remoteInfo = SeekritOSX;
		};
		27A12C601A2E90B200846803 /* PBXContainerItemProxy */ = {
			isa = PBXContainerItemProxy;
			containerPortal = 2776D0D719AC1ABD0053D0A6 /* Project object */;
			proxyType = 1;
			remoteGlobalIDString = 27A12C531A2E90B200846803;
			remoteInfo = SeekritIOS;
		};
/* End PBXContainerItemProxy section */

/* Begin PBXCopyFilesBuildPhase section */
		27A12C521A2E90B200846803 /* CopyFiles */ = {
			isa = PBXCopyFilesBuildPhase;
			buildActionMask = 2147483647;
			dstPath = "include/$(PRODUCT_NAME)";
			dstSubfolderSpec = 16;
			files = (
			);
			runOnlyForDeploymentPostprocessing = 0;
		};
/* End PBXCopyFilesBuildPhase section */

/* Begin PBXFileReference section */
		2776D0F719AC1AF80053D0A6 /* tweetnacl.c */ = {isa = PBXFileReference; fileEncoding = 4; lastKnownFileType = sourcecode.c.c; path = tweetnacl.c; sourceTree = "<group>"; };
		2776D0F819AC1AF80053D0A6 /* tweetnacl.h */ = {isa = PBXFileReference; fileEncoding = 4; lastKnownFileType = sourcecode.c.h; path = tweetnacl.h; sourceTree = "<group>"; };
		2776D0FA19AC1C1A0053D0A6 /* CBKey.h */ = {isa = PBXFileReference; fileEncoding = 4; lastKnownFileType = sourcecode.c.h; path = CBKey.h; sourceTree = "<group>"; };
		2776D0FB19AC1C1A0053D0A6 /* CBKey.m */ = {isa = PBXFileReference; fileEncoding = 4; lastKnownFileType = sourcecode.c.objc; path = CBKey.m; sourceTree = "<group>"; };
		2776D10319AC40270053D0A6 /* libSeekritOSX.a */ = {isa = PBXFileReference; explicitFileType = archive.ar; includeInIndex = 0; path = libSeekritOSX.a; sourceTree = BUILT_PRODUCTS_DIR; };
		2776D10D19AC40270053D0A6 /* SeekritOSXTests.xctest */ = {isa = PBXFileReference; explicitFileType = wrapper.cfbundle; includeInIndex = 0; path = SeekritOSXTests.xctest; sourceTree = BUILT_PRODUCTS_DIR; };
		2776D11019AC40270053D0A6 /* Info.plist */ = {isa = PBXFileReference; lastKnownFileType = text.plist.xml; path = Info.plist; sourceTree = "<group>"; };
		2776D12B19AC4B590053D0A6 /* Cocoa.framework */ = {isa = PBXFileReference; lastKnownFileType = wrapper.framework; name = Cocoa.framework; path = Platforms/MacOSX.platform/Developer/SDKs/MacOSX10.10.sdk/System/Library/Frameworks/Cocoa.framework; sourceTree = DEVELOPER_DIR; };
		2776D13119AC57D80053D0A6 /* Key_Test.m */ = {isa = PBXFileReference; fileEncoding = 4; lastKnownFileType = sourcecode.c.objc; path = Key_Test.m; sourceTree = "<group>"; };
		2776D13519AC5B930053D0A6 /* compare.c */ = {isa = PBXFileReference; fileEncoding = 4; lastKnownFileType = sourcecode.c.c; path = compare.c; sourceTree = "<group>"; };
		2776D13619AC5B930053D0A6 /* compare.h */ = {isa = PBXFileReference; fileEncoding = 4; lastKnownFileType = sourcecode.c.h; path = compare.h; sourceTree = "<group>"; };
		2776D13719AC5B930053D0A6 /* curve_sigs.c */ = {isa = PBXFileReference; fileEncoding = 4; lastKnownFileType = sourcecode.c.c; path = curve_sigs.c; sourceTree = "<group>"; };
		2776D13819AC5B930053D0A6 /* curve_sigs.h */ = {isa = PBXFileReference; fileEncoding = 4; lastKnownFileType = sourcecode.c.h; path = curve_sigs.h; sourceTree = "<group>"; };
		2776D13919AC5B930053D0A6 /* sha512.c */ = {isa = PBXFileReference; fileEncoding = 4; lastKnownFileType = sourcecode.c.c; path = sha512.c; sourceTree = "<group>"; };
		2776D13A19AC5B930053D0A6 /* sha512.h */ = {isa = PBXFileReference; fileEncoding = 4; lastKnownFileType = sourcecode.c.h; path = sha512.h; sourceTree = "<group>"; };
		2776D13B19AC5B930053D0A6 /* sign_modified.c */ = {isa = PBXFileReference; fileEncoding = 4; lastKnownFileType = sourcecode.c.c; path = sign_modified.c; sourceTree = "<group>"; };
		2776D13C19AC5B930053D0A6 /* zeroize.c */ = {isa = PBXFileReference; fileEncoding = 4; lastKnownFileType = sourcecode.c.c; path = zeroize.c; sourceTree = "<group>"; };
		2776D13D19AC5B930053D0A6 /* zeroize.h */ = {isa = PBXFileReference; fileEncoding = 4; lastKnownFileType = sourcecode.c.h; path = zeroize.h; sourceTree = "<group>"; };
		2776D13E19AC5B930053D0A6 /* api.h */ = {isa = PBXFileReference; fileEncoding = 4; lastKnownFileType = sourcecode.c.h; path = api.h; sourceTree = "<group>"; };
		2776D13F19AC5B930053D0A6 /* base.h */ = {isa = PBXFileReference; fileEncoding = 4; lastKnownFileType = sourcecode.c.h; path = base.h; sourceTree = "<group>"; };
		2776D14019AC5B930053D0A6 /* base2.h */ = {isa = PBXFileReference; fileEncoding = 4; lastKnownFileType = sourcecode.c.h; path = base2.h; sourceTree = "<group>"; };
		2776D14119AC5B930053D0A6 /* d.h */ = {isa = PBXFileReference; fileEncoding = 4; lastKnownFileType = sourcecode.c.h; path = d.h; sourceTree = "<group>"; };
		2776D14219AC5B930053D0A6 /* d2.h */ = {isa = PBXFileReference; fileEncoding = 4; lastKnownFileType = sourcecode.c.h; path = d2.h; sourceTree = "<group>"; };
		2776D14319AC5B930053D0A6 /* fe.h */ = {isa = PBXFileReference; fileEncoding = 4; lastKnownFileType = sourcecode.c.h; path = fe.h; sourceTree = "<group>"; };
		2776D14419AC5B930053D0A6 /* fe_0.c */ = {isa = PBXFileReference; fileEncoding = 4; lastKnownFileType = sourcecode.c.c; path = fe_0.c; sourceTree = "<group>"; };
		2776D14519AC5B930053D0A6 /* fe_1.c */ = {isa = PBXFileReference; fileEncoding = 4; lastKnownFileType = sourcecode.c.c; path = fe_1.c; sourceTree = "<group>"; };
		2776D14619AC5B930053D0A6 /* fe_add.c */ = {isa = PBXFileReference; fileEncoding = 4; lastKnownFileType = sourcecode.c.c; path = fe_add.c; sourceTree = "<group>"; };
		2776D14719AC5B930053D0A6 /* fe_cmov.c */ = {isa = PBXFileReference; fileEncoding = 4; lastKnownFileType = sourcecode.c.c; path = fe_cmov.c; sourceTree = "<group>"; };
		2776D14819AC5B930053D0A6 /* fe_copy.c */ = {isa = PBXFileReference; fileEncoding = 4; lastKnownFileType = sourcecode.c.c; path = fe_copy.c; sourceTree = "<group>"; };
		2776D14919AC5B930053D0A6 /* fe_frombytes.c */ = {isa = PBXFileReference; fileEncoding = 4; lastKnownFileType = sourcecode.c.c; path = fe_frombytes.c; sourceTree = "<group>"; };
		2776D14A19AC5B930053D0A6 /* fe_invert.c */ = {isa = PBXFileReference; fileEncoding = 4; lastKnownFileType = sourcecode.c.c; path = fe_invert.c; sourceTree = "<group>"; };
		2776D14B19AC5B930053D0A6 /* fe_isnegative.c */ = {isa = PBXFileReference; fileEncoding = 4; lastKnownFileType = sourcecode.c.c; path = fe_isnegative.c; sourceTree = "<group>"; };
		2776D14C19AC5B930053D0A6 /* fe_isnonzero.c */ = {isa = PBXFileReference; fileEncoding = 4; lastKnownFileType = sourcecode.c.c; path = fe_isnonzero.c; sourceTree = "<group>"; };
		2776D14D19AC5B930053D0A6 /* fe_mul.c */ = {isa = PBXFileReference; fileEncoding = 4; lastKnownFileType = sourcecode.c.c; path = fe_mul.c; sourceTree = "<group>"; };
		2776D14E19AC5B930053D0A6 /* fe_neg.c */ = {isa = PBXFileReference; fileEncoding = 4; lastKnownFileType = sourcecode.c.c; path = fe_neg.c; sourceTree = "<group>"; };
		2776D14F19AC5B930053D0A6 /* fe_pow22523.c */ = {isa = PBXFileReference; fileEncoding = 4; lastKnownFileType = sourcecode.c.c; path = fe_pow22523.c; sourceTree = "<group>"; };
		2776D15019AC5B930053D0A6 /* fe_sq.c */ = {isa = PBXFileReference; fileEncoding = 4; lastKnownFileType = sourcecode.c.c; path = fe_sq.c; sourceTree = "<group>"; };
		2776D15119AC5B930053D0A6 /* fe_sq2.c */ = {isa = PBXFileReference; fileEncoding = 4; lastKnownFileType = sourcecode.c.c; path = fe_sq2.c; sourceTree = "<group>"; };
		2776D15219AC5B930053D0A6 /* fe_sub.c */ = {isa = PBXFileReference; fileEncoding = 4; lastKnownFileType = sourcecode.c.c; path = fe_sub.c; sourceTree = "<group>"; };
		2776D15319AC5B930053D0A6 /* fe_tobytes.c */ = {isa = PBXFileReference; fileEncoding = 4; lastKnownFileType = sourcecode.c.c; path = fe_tobytes.c; sourceTree = "<group>"; };
		2776D15419AC5B930053D0A6 /* ge.h */ = {isa = PBXFileReference; fileEncoding = 4; lastKnownFileType = sourcecode.c.h; path = ge.h; sourceTree = "<group>"; };
		2776D15519AC5B930053D0A6 /* ge_add.c */ = {isa = PBXFileReference; fileEncoding = 4; lastKnownFileType = sourcecode.c.c; path = ge_add.c; sourceTree = "<group>"; };
		2776D15619AC5B930053D0A6 /* ge_add.h */ = {isa = PBXFileReference; fileEncoding = 4; lastKnownFileType = sourcecode.c.h; path = ge_add.h; sourceTree = "<group>"; };
		2776D15719AC5B930053D0A6 /* ge_double_scalarmult.c */ = {isa = PBXFileReference; fileEncoding = 4; lastKnownFileType = sourcecode.c.c; path = ge_double_scalarmult.c; sourceTree = "<group>"; };
		2776D15819AC5B930053D0A6 /* ge_frombytes.c */ = {isa = PBXFileReference; fileEncoding = 4; lastKnownFileType = sourcecode.c.c; path = ge_frombytes.c; sourceTree = "<group>"; };
		2776D15919AC5B930053D0A6 /* ge_madd.c */ = {isa = PBXFileReference; fileEncoding = 4; lastKnownFileType = sourcecode.c.c; path = ge_madd.c; sourceTree = "<group>"; };
		2776D15A19AC5B930053D0A6 /* ge_madd.h */ = {isa = PBXFileReference; fileEncoding = 4; lastKnownFileType = sourcecode.c.h; path = ge_madd.h; sourceTree = "<group>"; };
		2776D15B19AC5B930053D0A6 /* ge_msub.c */ = {isa = PBXFileReference; fileEncoding = 4; lastKnownFileType = sourcecode.c.c; path = ge_msub.c; sourceTree = "<group>"; };
		2776D15C19AC5B930053D0A6 /* ge_msub.h */ = {isa = PBXFileReference; fileEncoding = 4; lastKnownFileType = sourcecode.c.h; path = ge_msub.h; sourceTree = "<group>"; };
		2776D15D19AC5B930053D0A6 /* ge_p1p1_to_p2.c */ = {isa = PBXFileReference; fileEncoding = 4; lastKnownFileType = sourcecode.c.c; path = ge_p1p1_to_p2.c; sourceTree = "<group>"; };
		2776D15E19AC5B930053D0A6 /* ge_p1p1_to_p3.c */ = {isa = PBXFileReference; fileEncoding = 4; lastKnownFileType = sourcecode.c.c; path = ge_p1p1_to_p3.c; sourceTree = "<group>"; };
		2776D15F19AC5B930053D0A6 /* ge_p2_0.c */ = {isa = PBXFileReference; fileEncoding = 4; lastKnownFileType = sourcecode.c.c; path = ge_p2_0.c; sourceTree = "<group>"; };
		2776D16019AC5B930053D0A6 /* ge_p2_dbl.c */ = {isa = PBXFileReference; fileEncoding = 4; lastKnownFileType = sourcecode.c.c; path = ge_p2_dbl.c; sourceTree = "<group>"; };
		2776D16119AC5B930053D0A6 /* ge_p2_dbl.h */ = {isa = PBXFileReference; fileEncoding = 4; lastKnownFileType = sourcecode.c.h; path = ge_p2_dbl.h; sourceTree = "<group>"; };
		2776D16219AC5B930053D0A6 /* ge_p3_0.c */ = {isa = PBXFileReference; fileEncoding = 4; lastKnownFileType = sourcecode.c.c; path = ge_p3_0.c; sourceTree = "<group>"; };
		2776D16319AC5B930053D0A6 /* ge_p3_dbl.c */ = {isa = PBXFileReference; fileEncoding = 4; lastKnownFileType = sourcecode.c.c; path = ge_p3_dbl.c; sourceTree = "<group>"; };
		2776D16419AC5B930053D0A6 /* ge_p3_to_cached.c */ = {isa = PBXFileReference; fileEncoding = 4; lastKnownFileType = sourcecode.c.c; path = ge_p3_to_cached.c; sourceTree = "<group>"; };
		2776D16519AC5B930053D0A6 /* ge_p3_to_p2.c */ = {isa = PBXFileReference; fileEncoding = 4; lastKnownFileType = sourcecode.c.c; path = ge_p3_to_p2.c; sourceTree = "<group>"; };
		2776D16619AC5B930053D0A6 /* ge_p3_tobytes.c */ = {isa = PBXFileReference; fileEncoding = 4; lastKnownFileType = sourcecode.c.c; path = ge_p3_tobytes.c; sourceTree = "<group>"; };
		2776D16719AC5B930053D0A6 /* ge_precomp_0.c */ = {isa = PBXFileReference; fileEncoding = 4; lastKnownFileType = sourcecode.c.c; path = ge_precomp_0.c; sourceTree = "<group>"; };
		2776D16819AC5B930053D0A6 /* ge_scalarmult_base.c */ = {isa = PBXFileReference; fileEncoding = 4; lastKnownFileType = sourcecode.c.c; path = ge_scalarmult_base.c; sourceTree = "<group>"; };
		2776D16919AC5B930053D0A6 /* ge_sub.c */ = {isa = PBXFileReference; fileEncoding = 4; lastKnownFileType = sourcecode.c.c; path = ge_sub.c; sourceTree = "<group>"; };
		2776D16A19AC5B930053D0A6 /* ge_sub.h */ = {isa = PBXFileReference; fileEncoding = 4; lastKnownFileType = sourcecode.c.h; path = ge_sub.h; sourceTree = "<group>"; };
		2776D16B19AC5B930053D0A6 /* ge_tobytes.c */ = {isa = PBXFileReference; fileEncoding = 4; lastKnownFileType = sourcecode.c.c; path = ge_tobytes.c; sourceTree = "<group>"; };
		2776D16F19AC5B930053D0A6 /* crypto_hash_sha512.h */ = {isa = PBXFileReference; fileEncoding = 4; lastKnownFileType = sourcecode.c.h; path = crypto_hash_sha512.h; sourceTree = "<group>"; };
		2776D17019AC5B930053D0A6 /* crypto_int32.h */ = {isa = PBXFileReference; fileEncoding = 4; lastKnownFileType = sourcecode.c.h; path = crypto_int32.h; sourceTree = "<group>"; };
		2776D17119AC5B930053D0A6 /* crypto_int64.h */ = {isa = PBXFileReference; fileEncoding = 4; lastKnownFileType = sourcecode.c.h; path = crypto_int64.h; sourceTree = "<group>"; };
		2776D17219AC5B930053D0A6 /* crypto_sign.h */ = {isa = PBXFileReference; fileEncoding = 4; lastKnownFileType = sourcecode.c.h; path = crypto_sign.h; sourceTree = "<group>"; };
		2776D17319AC5B930053D0A6 /* crypto_sign_edwards25519sha512batch.h */ = {isa = PBXFileReference; fileEncoding = 4; lastKnownFileType = sourcecode.c.h; path = crypto_sign_edwards25519sha512batch.h; sourceTree = "<group>"; };
		2776D17419AC5B930053D0A6 /* crypto_uint32.h */ = {isa = PBXFileReference; fileEncoding = 4; lastKnownFileType = sourcecode.c.h; path = crypto_uint32.h; sourceTree = "<group>"; };
		2776D17519AC5B930053D0A6 /* crypto_uint64.h */ = {isa = PBXFileReference; fileEncoding = 4; lastKnownFileType = sourcecode.c.h; path = crypto_uint64.h; sourceTree = "<group>"; };
		2776D17619AC5B930053D0A6 /* crypto_verify_32.h */ = {isa = PBXFileReference; fileEncoding = 4; lastKnownFileType = sourcecode.c.h; path = crypto_verify_32.h; sourceTree = "<group>"; };
		2776D17719AC5B930053D0A6 /* open.c */ = {isa = PBXFileReference; fileEncoding = 4; lastKnownFileType = sourcecode.c.c; path = open.c; sourceTree = "<group>"; };
		2776D17819AC5B930053D0A6 /* pow22523.h */ = {isa = PBXFileReference; fileEncoding = 4; lastKnownFileType = sourcecode.c.h; path = pow22523.h; sourceTree = "<group>"; };
		2776D17919AC5B930053D0A6 /* pow225521.h */ = {isa = PBXFileReference; fileEncoding = 4; lastKnownFileType = sourcecode.c.h; path = pow225521.h; sourceTree = "<group>"; };
		2776D17A19AC5B930053D0A6 /* sc.h */ = {isa = PBXFileReference; fileEncoding = 4; lastKnownFileType = sourcecode.c.h; path = sc.h; sourceTree = "<group>"; };
		2776D17B19AC5B930053D0A6 /* sc_muladd.c */ = {isa = PBXFileReference; fileEncoding = 4; lastKnownFileType = sourcecode.c.c; path = sc_muladd.c; sourceTree = "<group>"; };
		2776D17C19AC5B930053D0A6 /* sc_reduce.c */ = {isa = PBXFileReference; fileEncoding = 4; lastKnownFileType = sourcecode.c.c; path = sc_reduce.c; sourceTree = "<group>"; };
		2776D17E19AC5B930053D0A6 /* LICENSE.txt */ = {isa = PBXFileReference; fileEncoding = 4; lastKnownFileType = text; path = LICENSE.txt; sourceTree = "<group>"; };
		2776D17F19AC5B930053D0A6 /* md_helper.c */ = {isa = PBXFileReference; fileEncoding = 4; lastKnownFileType = sourcecode.c.c; path = md_helper.c; sourceTree = "<group>"; };
		2776D18019AC5B930053D0A6 /* sha2big.c */ = {isa = PBXFileReference; fileEncoding = 4; lastKnownFileType = sourcecode.c.c; path = sha2big.c; sourceTree = "<group>"; };
		2776D18119AC5B930053D0A6 /* sph_sha2.h */ = {isa = PBXFileReference; fileEncoding = 4; lastKnownFileType = sourcecode.c.h; path = sph_sha2.h; sourceTree = "<group>"; };
		2776D18219AC5B930053D0A6 /* sph_types.h */ = {isa = PBXFileReference; fileEncoding = 4; lastKnownFileType = sourcecode.c.h; path = sph_types.h; sourceTree = "<group>"; };
		2776D18319AC5B930053D0A6 /* sign.c */ = {isa = PBXFileReference; fileEncoding = 4; lastKnownFileType = sourcecode.c.c; path = sign.c; sourceTree = "<group>"; };
		2776D18419AC5B930053D0A6 /* sqrtm1.h */ = {isa = PBXFileReference; fileEncoding = 4; lastKnownFileType = sourcecode.c.h; path = sqrtm1.h; sourceTree = "<group>"; };
		27A12C541A2E90B200846803 /* libSeekritIOS.a */ = {isa = PBXFileReference; explicitFileType = archive.ar; includeInIndex = 0; path = libSeekritIOS.a; sourceTree = BUILT_PRODUCTS_DIR; };
		27A12C5E1A2E90B200846803 /* SeekritIOSTests.xctest */ = {isa = PBXFileReference; explicitFileType = wrapper.cfbundle; includeInIndex = 0; path = SeekritIOSTests.xctest; sourceTree = BUILT_PRODUCTS_DIR; };
		27B960B819AE542500AAA1FD /* CBKey+Group.h */ = {isa = PBXFileReference; fileEncoding = 4; lastKnownFileType = sourcecode.c.h; path = "CBKey+Group.h"; sourceTree = "<group>"; };
		27B960B919AE542500AAA1FD /* CBKey+Group.m */ = {isa = PBXFileReference; fileEncoding = 4; lastKnownFileType = sourcecode.c.objc; path = "CBKey+Group.m"; sourceTree = "<group>"; };
		27B960BC19AE8EEE00AAA1FD /* CanonicalJSON.h */ = {isa = PBXFileReference; fileEncoding = 4; lastKnownFileType = sourcecode.c.h; path = CanonicalJSON.h; sourceTree = "<group>"; };
		27B960BD19AE8EEE00AAA1FD /* CanonicalJSON.m */ = {isa = PBXFileReference; fileEncoding = 4; lastKnownFileType = sourcecode.c.objc; path = CanonicalJSON.m; sourceTree = "<group>"; };
		27B960BE19AE8EEE00AAA1FD /* SignedJSON.h */ = {isa = PBXFileReference; fileEncoding = 4; lastKnownFileType = sourcecode.c.h; path = SignedJSON.h; sourceTree = "<group>"; };
		27B960BF19AE8EEE00AAA1FD /* SignedJSON.m */ = {isa = PBXFileReference; fileEncoding = 4; lastKnownFileType = sourcecode.c.objc; path = SignedJSON.m; sourceTree = "<group>"; };
		27B960C519AE964800AAA1FD /* SignedJSON_Test.m */ = {isa = PBXFileReference; fileEncoding = 4; lastKnownFileType = sourcecode.c.objc; path = SignedJSON_Test.m; sourceTree = "<group>"; };
/* End PBXFileReference section */

/* Begin PBXFrameworksBuildPhase section */
		2776D10019AC40270053D0A6 /* Frameworks */ = {
			isa = PBXFrameworksBuildPhase;
			buildActionMask = 2147483647;
			files = (
			);
			runOnlyForDeploymentPostprocessing = 0;
		};
		2776D10A19AC40270053D0A6 /* Frameworks */ = {
			isa = PBXFrameworksBuildPhase;
			buildActionMask = 2147483647;
			files = (
				2776D13019AC56E20053D0A6 /* Cocoa.framework in Frameworks */,
				2776D12E19AC4E680053D0A6 /* libSeekritOSX.a in Frameworks */,
			);
			runOnlyForDeploymentPostprocessing = 0;
		};
		27A12C511A2E90B200846803 /* Frameworks */ = {
			isa = PBXFrameworksBuildPhase;
			buildActionMask = 2147483647;
			files = (
			);
			runOnlyForDeploymentPostprocessing = 0;
		};
		27A12C5B1A2E90B200846803 /* Frameworks */ = {
			isa = PBXFrameworksBuildPhase;
			buildActionMask = 2147483647;
			files = (
				27A12C5F1A2E90B200846803 /* libSeekritIOS.a in Frameworks */,
			);
			runOnlyForDeploymentPostprocessing = 0;
		};
/* End PBXFrameworksBuildPhase section */

/* Begin PBXGroup section */
		2776D0D619AC1ABD0053D0A6 = {
			isa = PBXGroup;
			children = (
				2776D0E119AC1ABD0053D0A6 /* Seekrit */,
				2776D10E19AC40270053D0A6 /* SeekritOSXTests */,
				27B960B719AE50BB00AAA1FD /* vendor */,
				2776D12B19AC4B590053D0A6 /* Cocoa.framework */,
				2776D0E019AC1ABD0053D0A6 /* Products */,
			);
			sourceTree = "<group>";
		};
		2776D0E019AC1ABD0053D0A6 /* Products */ = {
			isa = PBXGroup;
			children = (
				2776D10319AC40270053D0A6 /* libSeekritOSX.a */,
				2776D10D19AC40270053D0A6 /* SeekritOSXTests.xctest */,
				27A12C541A2E90B200846803 /* libSeekritIOS.a */,
				27A12C5E1A2E90B200846803 /* SeekritIOSTests.xctest */,
			);
			name = Products;
			sourceTree = "<group>";
		};
		2776D0E119AC1ABD0053D0A6 /* Seekrit */ = {
			isa = PBXGroup;
			children = (
				2776D0FA19AC1C1A0053D0A6 /* CBKey.h */,
				2776D0FB19AC1C1A0053D0A6 /* CBKey.m */,
				27B960B819AE542500AAA1FD /* CBKey+Group.h */,
				27B960B919AE542500AAA1FD /* CBKey+Group.m */,
				27B960C419AE8EF700AAA1FD /* JSON */,
			);
			path = Seekrit;
			sourceTree = "<group>";
		};
		2776D0F619AC1AF80053D0A6 /* TweetNaCl */ = {
			isa = PBXGroup;
			children = (
				2776D0F719AC1AF80053D0A6 /* tweetnacl.c */,
				2776D0F819AC1AF80053D0A6 /* tweetnacl.h */,
			);
			path = TweetNaCl;
			sourceTree = "<group>";
		};
		2776D10E19AC40270053D0A6 /* SeekritOSXTests */ = {
			isa = PBXGroup;
			children = (
				2776D13119AC57D80053D0A6 /* Key_Test.m */,
				27B960C519AE964800AAA1FD /* SignedJSON_Test.m */,
				2776D10F19AC40270053D0A6 /* Supporting Files */,
			);
			path = SeekritOSXTests;
			sourceTree = "<group>";
		};
		2776D10F19AC40270053D0A6 /* Supporting Files */ = {
			isa = PBXGroup;
			children = (
				2776D11019AC40270053D0A6 /* Info.plist */,
			);
			name = "Supporting Files";
			sourceTree = "<group>";
		};
		2776D13319AC5B930053D0A6 /* ed25519 */ = {
			isa = PBXGroup;
			children = (
				2776D14419AC5B930053D0A6 /* fe_0.c */,
				2776D14519AC5B930053D0A6 /* fe_1.c */,
				2776D14619AC5B930053D0A6 /* fe_add.c */,
				2776D14719AC5B930053D0A6 /* fe_cmov.c */,
				2776D14819AC5B930053D0A6 /* fe_copy.c */,
				2776D14919AC5B930053D0A6 /* fe_frombytes.c */,
				2776D14A19AC5B930053D0A6 /* fe_invert.c */,
				2776D14B19AC5B930053D0A6 /* fe_isnegative.c */,
				2776D14C19AC5B930053D0A6 /* fe_isnonzero.c */,
				2776D14D19AC5B930053D0A6 /* fe_mul.c */,
				2776D14E19AC5B930053D0A6 /* fe_neg.c */,
				2776D14F19AC5B930053D0A6 /* fe_pow22523.c */,
				2776D15019AC5B930053D0A6 /* fe_sq.c */,
				2776D15119AC5B930053D0A6 /* fe_sq2.c */,
				2776D15219AC5B930053D0A6 /* fe_sub.c */,
				2776D15319AC5B930053D0A6 /* fe_tobytes.c */,
				2776D15519AC5B930053D0A6 /* ge_add.c */,
				2776D15719AC5B930053D0A6 /* ge_double_scalarmult.c */,
				2776D15819AC5B930053D0A6 /* ge_frombytes.c */,
				2776D15919AC5B930053D0A6 /* ge_madd.c */,
				2776D15B19AC5B930053D0A6 /* ge_msub.c */,
				2776D15D19AC5B930053D0A6 /* ge_p1p1_to_p2.c */,
				2776D15E19AC5B930053D0A6 /* ge_p1p1_to_p3.c */,
				2776D15F19AC5B930053D0A6 /* ge_p2_0.c */,
				2776D16019AC5B930053D0A6 /* ge_p2_dbl.c */,
				2776D16219AC5B930053D0A6 /* ge_p3_0.c */,
				2776D16319AC5B930053D0A6 /* ge_p3_dbl.c */,
				2776D16419AC5B930053D0A6 /* ge_p3_to_cached.c */,
				2776D16519AC5B930053D0A6 /* ge_p3_to_p2.c */,
				2776D16619AC5B930053D0A6 /* ge_p3_tobytes.c */,
				2776D16719AC5B930053D0A6 /* ge_precomp_0.c */,
				2776D16819AC5B930053D0A6 /* ge_scalarmult_base.c */,
				2776D16919AC5B930053D0A6 /* ge_sub.c */,
				2776D16B19AC5B930053D0A6 /* ge_tobytes.c */,
				2776D17719AC5B930053D0A6 /* open.c */,
				2776D17B19AC5B930053D0A6 /* sc_muladd.c */,
				2776D17C19AC5B930053D0A6 /* sc_reduce.c */,
				2776D18319AC5B930053D0A6 /* sign.c */,
				2776D13E19AC5B930053D0A6 /* api.h */,
				2776D13F19AC5B930053D0A6 /* base.h */,
				2776D14019AC5B930053D0A6 /* base2.h */,
				2776D14119AC5B930053D0A6 /* d.h */,
				2776D14219AC5B930053D0A6 /* d2.h */,
				2776D14319AC5B930053D0A6 /* fe.h */,
				2776D15619AC5B930053D0A6 /* ge_add.h */,
				2776D15A19AC5B930053D0A6 /* ge_madd.h */,
				2776D15C19AC5B930053D0A6 /* ge_msub.h */,
				2776D16119AC5B930053D0A6 /* ge_p2_dbl.h */,
				2776D16A19AC5B930053D0A6 /* ge_sub.h */,
				2776D15419AC5B930053D0A6 /* ge.h */,
				2776D17819AC5B930053D0A6 /* pow22523.h */,
				2776D17919AC5B930053D0A6 /* pow225521.h */,
				2776D17A19AC5B930053D0A6 /* sc.h */,
				2776D18419AC5B930053D0A6 /* sqrtm1.h */,
				2776D13419AC5B930053D0A6 /* additions */,
				2776D16E19AC5B930053D0A6 /* nacl_includes */,
				2776D17D19AC5B930053D0A6 /* sha512 */,
			);
			name = ed25519;
			path = vendor/ref10_extract/ed25519;
			sourceTree = "<group>";
		};
		2776D13419AC5B930053D0A6 /* additions */ = {
			isa = PBXGroup;
			children = (
				2776D13519AC5B930053D0A6 /* compare.c */,
				2776D13619AC5B930053D0A6 /* compare.h */,
				2776D13719AC5B930053D0A6 /* curve_sigs.c */,
				2776D13819AC5B930053D0A6 /* curve_sigs.h */,
				2776D13919AC5B930053D0A6 /* sha512.c */,
				2776D13A19AC5B930053D0A6 /* sha512.h */,
				2776D13B19AC5B930053D0A6 /* sign_modified.c */,
				2776D13C19AC5B930053D0A6 /* zeroize.c */,
				2776D13D19AC5B930053D0A6 /* zeroize.h */,
			);
			path = additions;
			sourceTree = "<group>";
		};
		2776D16E19AC5B930053D0A6 /* nacl_includes */ = {
			isa = PBXGroup;
			children = (
				2776D16F19AC5B930053D0A6 /* crypto_hash_sha512.h */,
				2776D17019AC5B930053D0A6 /* crypto_int32.h */,
				2776D17119AC5B930053D0A6 /* crypto_int64.h */,
				2776D17219AC5B930053D0A6 /* crypto_sign.h */,
				2776D17319AC5B930053D0A6 /* crypto_sign_edwards25519sha512batch.h */,
				2776D17419AC5B930053D0A6 /* crypto_uint32.h */,
				2776D17519AC5B930053D0A6 /* crypto_uint64.h */,
				2776D17619AC5B930053D0A6 /* crypto_verify_32.h */,
			);
			path = nacl_includes;
			sourceTree = "<group>";
		};
		2776D17D19AC5B930053D0A6 /* sha512 */ = {
			isa = PBXGroup;
			children = (
				2776D17E19AC5B930053D0A6 /* LICENSE.txt */,
				2776D17F19AC5B930053D0A6 /* md_helper.c */,
				2776D18019AC5B930053D0A6 /* sha2big.c */,
				2776D18119AC5B930053D0A6 /* sph_sha2.h */,
				2776D18219AC5B930053D0A6 /* sph_types.h */,
			);
			path = sha512;
			sourceTree = "<group>";
		};
		27B960B719AE50BB00AAA1FD /* vendor */ = {
			isa = PBXGroup;
			children = (
				2776D0F619AC1AF80053D0A6 /* TweetNaCl */,
				2776D13319AC5B930053D0A6 /* ed25519 */,
			);
			name = vendor;
			sourceTree = "<group>";
		};
		27B960C419AE8EF700AAA1FD /* JSON */ = {
			isa = PBXGroup;
			children = (
				27B960BC19AE8EEE00AAA1FD /* CanonicalJSON.h */,
				27B960BD19AE8EEE00AAA1FD /* CanonicalJSON.m */,
				27B960BE19AE8EEE00AAA1FD /* SignedJSON.h */,
				27B960BF19AE8EEE00AAA1FD /* SignedJSON.m */,
			);
			name = JSON;
			sourceTree = "<group>";
		};
/* End PBXGroup section */

/* Begin PBXHeadersBuildPhase section */
		2776D10119AC40270053D0A6 /* Headers */ = {
			isa = PBXHeadersBuildPhase;
			buildActionMask = 2147483647;
			files = (
				2776D1A419AC5B930053D0A6 /* ge.h in Headers */,
				27B960BA19AE542500AAA1FD /* CBKey+Group.h in Headers */,
				2776D1AC19AC5B930053D0A6 /* ge_msub.h in Headers */,
				2776D18819AC5B930053D0A6 /* curve_sigs.h in Headers */,
				2776D1C119AC5B930053D0A6 /* crypto_sign_edwards25519sha512batch.h in Headers */,
				2776D1BA19AC5B930053D0A6 /* ge_sub.h in Headers */,
				2776D1C619AC5B930053D0A6 /* pow22523.h in Headers */,
				27B960C019AE8EEE00AAA1FD /* CanonicalJSON.h in Headers */,
				2776D1D019AC5B930053D0A6 /* sqrtm1.h in Headers */,
				2776D1CE19AC5B930053D0A6 /* sph_types.h in Headers */,
				2776D1C819AC5B930053D0A6 /* sc.h in Headers */,
				2776D19219AC5B930053D0A6 /* d2.h in Headers */,
				2776D1C219AC5B930053D0A6 /* crypto_uint32.h in Headers */,
				2776D1C719AC5B930053D0A6 /* pow225521.h in Headers */,
				2776D1AA19AC5B930053D0A6 /* ge_madd.h in Headers */,
				2776D1C319AC5B930053D0A6 /* crypto_uint64.h in Headers */,
				2776D1CD19AC5B930053D0A6 /* sph_sha2.h in Headers */,
				2776D1C419AC5B930053D0A6 /* crypto_verify_32.h in Headers */,
				27B960C219AE8EEE00AAA1FD /* SignedJSON.h in Headers */,
				2776D18619AC5B930053D0A6 /* compare.h in Headers */,
				2776D18E19AC5B930053D0A6 /* api.h in Headers */,
				2776D1B119AC5B930053D0A6 /* ge_p2_dbl.h in Headers */,
				2776D1BF19AC5B930053D0A6 /* crypto_int64.h in Headers */,
				2776D18A19AC5B930053D0A6 /* sha512.h in Headers */,
				2776D1A619AC5B930053D0A6 /* ge_add.h in Headers */,
				2776D1C019AC5B930053D0A6 /* crypto_sign.h in Headers */,
				2776D1BD19AC5B930053D0A6 /* crypto_hash_sha512.h in Headers */,
				2776D1BE19AC5B930053D0A6 /* crypto_int32.h in Headers */,
				2776D18D19AC5B930053D0A6 /* zeroize.h in Headers */,
				2776D19119AC5B930053D0A6 /* d.h in Headers */,
				2776D19319AC5B930053D0A6 /* fe.h in Headers */,
				2776D18F19AC5B930053D0A6 /* base.h in Headers */,
				2776D19019AC5B930053D0A6 /* base2.h in Headers */,
			);
			runOnlyForDeploymentPostprocessing = 0;
		};
/* End PBXHeadersBuildPhase section */

/* Begin PBXNativeTarget section */
		2776D10219AC40270053D0A6 /* SeekritOSX */ = {
			isa = PBXNativeTarget;
			buildConfigurationList = 2776D11119AC40270053D0A6 /* Build configuration list for PBXNativeTarget "SeekritOSX" */;
			buildPhases = (
				2776D0FF19AC40270053D0A6 /* Sources */,
				2776D10019AC40270053D0A6 /* Frameworks */,
				2776D10119AC40270053D0A6 /* Headers */,
			);
			buildRules = (
			);
			dependencies = (
			);
			name = SeekritOSX;
			productName = SeekritOSX;
			productReference = 2776D10319AC40270053D0A6 /* libSeekritOSX.a */;
			productType = "com.apple.product-type.library.static";
		};
		2776D10C19AC40270053D0A6 /* SeekritOSXTests */ = {
			isa = PBXNativeTarget;
			buildConfigurationList = 2776D11419AC40270053D0A6 /* Build configuration list for PBXNativeTarget "SeekritOSXTests" */;
			buildPhases = (
				2776D10919AC40270053D0A6 /* Sources */,
				2776D10A19AC40270053D0A6 /* Frameworks */,
				2776D10B19AC40270053D0A6 /* Resources */,
			);
			buildRules = (
			);
			dependencies = (
				2776D11C19AC417F0053D0A6 /* PBXTargetDependency */,
			);
			name = SeekritOSXTests;
			productName = SeekritOSXTests;
			productReference = 2776D10D19AC40270053D0A6 /* SeekritOSXTests.xctest */;
			productType = "com.apple.product-type.bundle.unit-test";
		};
		27A12C531A2E90B200846803 /* SeekritIOS */ = {
			isa = PBXNativeTarget;
			buildConfigurationList = 27A12C651A2E90B200846803 /* Build configuration list for PBXNativeTarget "SeekritIOS" */;
			buildPhases = (
				27A12C501A2E90B200846803 /* Sources */,
				27A12C511A2E90B200846803 /* Frameworks */,
				27A12C521A2E90B200846803 /* CopyFiles */,
			);
			buildRules = (
			);
			dependencies = (
			);
			name = SeekritIOS;
			productName = SeekritIOS;
			productReference = 27A12C541A2E90B200846803 /* libSeekritIOS.a */;
			productType = "com.apple.product-type.library.static";
		};
		27A12C5D1A2E90B200846803 /* SeekritIOSTests */ = {
			isa = PBXNativeTarget;
			buildConfigurationList = 27A12C681A2E90B200846803 /* Build configuration list for PBXNativeTarget "SeekritIOSTests" */;
			buildPhases = (
				27A12C5A1A2E90B200846803 /* Sources */,
				27A12C5B1A2E90B200846803 /* Frameworks */,
				27A12C5C1A2E90B200846803 /* Resources */,
			);
			buildRules = (
			);
			dependencies = (
				27A12C611A2E90B200846803 /* PBXTargetDependency */,
			);
			name = SeekritIOSTests;
			productName = SeekritIOSTests;
			productReference = 27A12C5E1A2E90B200846803 /* SeekritIOSTests.xctest */;
			productType = "com.apple.product-type.bundle.unit-test";
		};
/* End PBXNativeTarget section */

/* Begin PBXProject section */
		2776D0D719AC1ABD0053D0A6 /* Project object */ = {
			isa = PBXProject;
			attributes = {
				LastUpgradeCheck = 0610;
				ORGANIZATIONNAME = Couchbase;
				TargetAttributes = {
					2776D10219AC40270053D0A6 = {
						CreatedOnToolsVersion = 6.0;
					};
					2776D10C19AC40270053D0A6 = {
						CreatedOnToolsVersion = 6.0;
					};
					27A12C531A2E90B200846803 = {
						CreatedOnToolsVersion = 6.1.1;
					};
					27A12C5D1A2E90B200846803 = {
						CreatedOnToolsVersion = 6.1.1;
					};
				};
			};
			buildConfigurationList = 2776D0DA19AC1ABD0053D0A6 /* Build configuration list for PBXProject "Seekrit" */;
			compatibilityVersion = "Xcode 3.2";
			developmentRegion = English;
			hasScannedForEncodings = 0;
			knownRegions = (
				en,
			);
			mainGroup = 2776D0D619AC1ABD0053D0A6;
			productRefGroup = 2776D0E019AC1ABD0053D0A6 /* Products */;
			projectDirPath = "";
			projectRoot = "";
			targets = (
				2776D10219AC40270053D0A6 /* SeekritOSX */,
				2776D10C19AC40270053D0A6 /* SeekritOSXTests */,
				27A12C531A2E90B200846803 /* SeekritIOS */,
				27A12C5D1A2E90B200846803 /* SeekritIOSTests */,
			);
		};
/* End PBXProject section */

/* Begin PBXResourcesBuildPhase section */
		2776D10B19AC40270053D0A6 /* Resources */ = {
			isa = PBXResourcesBuildPhase;
			buildActionMask = 2147483647;
			files = (
			);
			runOnlyForDeploymentPostprocessing = 0;
		};
		27A12C5C1A2E90B200846803 /* Resources */ = {
			isa = PBXResourcesBuildPhase;
			buildActionMask = 2147483647;
			files = (
			);
			runOnlyForDeploymentPostprocessing = 0;
		};
/* End PBXResourcesBuildPhase section */

/* Begin PBXSourcesBuildPhase section */
		2776D0FF19AC40270053D0A6 /* Sources */ = {
			isa = PBXSourcesBuildPhase;
			buildActionMask = 2147483647;
			files = (
				2776D12F19AC50620053D0A6 /* CBKey.m in Sources */,
				2776D19519AC5B930053D0A6 /* fe_1.c in Sources */,
				27B960C319AE8EEE00AAA1FD /* SignedJSON.m in Sources */,
				2776D1A319AC5B930053D0A6 /* fe_tobytes.c in Sources */,
				2776D19819AC5B930053D0A6 /* fe_copy.c in Sources */,
				2776D1B719AC5B930053D0A6 /* ge_precomp_0.c in Sources */,
				2776D1B319AC5B930053D0A6 /* ge_p3_dbl.c in Sources */,
				2776D19619AC5B930053D0A6 /* fe_add.c in Sources */,
				2776D1BB19AC5B930053D0A6 /* ge_tobytes.c in Sources */,
				2776D1B619AC5B930053D0A6 /* ge_p3_tobytes.c in Sources */,
				2776D1A019AC5B930053D0A6 /* fe_sq.c in Sources */,
				27A12C9E1A2E93AE00846803 /* sha512.c in Sources */,
				2776D1CC19AC5B930053D0A6 /* sha2big.c in Sources */,
				27B960C119AE8EEE00AAA1FD /* CanonicalJSON.m in Sources */,
				2776D19919AC5B930053D0A6 /* fe_frombytes.c in Sources */,
				2776D1B519AC5B930053D0A6 /* ge_p3_to_p2.c in Sources */,
				2776D1B219AC5B930053D0A6 /* ge_p3_0.c in Sources */,
				27B960BB19AE542500AAA1FD /* CBKey+Group.m in Sources */,
				2776D18B19AC5B930053D0A6 /* sign_modified.c in Sources */,
				2776D1B919AC5B930053D0A6 /* ge_sub.c in Sources */,
				2776D19E19AC5B930053D0A6 /* fe_neg.c in Sources */,
				2776D1AB19AC5B930053D0A6 /* ge_msub.c in Sources */,
				2776D1C919AC5B930053D0A6 /* sc_muladd.c in Sources */,
				2776D1CF19AC5B930053D0A6 /* sign.c in Sources */,
				2776D1A919AC5B930053D0A6 /* ge_madd.c in Sources */,
				2776D1A219AC5B930053D0A6 /* fe_sub.c in Sources */,
				2776D19C19AC5B930053D0A6 /* fe_isnonzero.c in Sources */,
				2776D18719AC5B930053D0A6 /* curve_sigs.c in Sources */,
				2776D1A719AC5B930053D0A6 /* ge_double_scalarmult.c in Sources */,
				2776D19B19AC5B930053D0A6 /* fe_isnegative.c in Sources */,
				2776D1AE19AC5B930053D0A6 /* ge_p1p1_to_p3.c in Sources */,
				2776D1D319AD13C90053D0A6 /* zeroize.c in Sources */,
				2776D1D119AC5CCF0053D0A6 /* compare.c in Sources */,
				2776D1AD19AC5B930053D0A6 /* ge_p1p1_to_p2.c in Sources */,
				2776D1A519AC5B930053D0A6 /* ge_add.c in Sources */,
				2776D1A119AC5B930053D0A6 /* fe_sq2.c in Sources */,
				2776D1AF19AC5B930053D0A6 /* ge_p2_0.c in Sources */,
				2776D1B419AC5B930053D0A6 /* ge_p3_to_cached.c in Sources */,
				2776D1D419AD14810053D0A6 /* fe_0.c in Sources */,
				2776D19D19AC5B930053D0A6 /* fe_mul.c in Sources */,
				2776D1A819AC5B930053D0A6 /* ge_frombytes.c in Sources */,
				2776D19719AC5B930053D0A6 /* fe_cmov.c in Sources */,
				2776D1B819AC5B930053D0A6 /* ge_scalarmult_base.c in Sources */,
				2776D1CA19AC5B930053D0A6 /* sc_reduce.c in Sources */,
				2776D19F19AC5B930053D0A6 /* fe_pow22523.c in Sources */,
				2776D19A19AC5B930053D0A6 /* fe_invert.c in Sources */,
				2776D1C519AC5B930053D0A6 /* open.c in Sources */,
				2776D1B019AC5B930053D0A6 /* ge_p2_dbl.c in Sources */,
				2776D11819AC40470053D0A6 /* tweetnacl.c in Sources */,
			);
			runOnlyForDeploymentPostprocessing = 0;
		};
		2776D10919AC40270053D0A6 /* Sources */ = {
			isa = PBXSourcesBuildPhase;
			buildActionMask = 2147483647;
			files = (
				2776D13219AC57D80053D0A6 /* Key_Test.m in Sources */,
				27B960C619AE964800AAA1FD /* SignedJSON_Test.m in Sources */,
			);
			runOnlyForDeploymentPostprocessing = 0;
		};
		27A12C501A2E90B200846803 /* Sources */ = {
			isa = PBXSourcesBuildPhase;
			buildActionMask = 2147483647;
			files = (
				27A12C6B1A2E90E500846803 /* CBKey.m in Sources */,
				27A12C6C1A2E90E500846803 /* CBKey+Group.m in Sources */,
				27A12C6D1A2E90E500846803 /* CanonicalJSON.m in Sources */,
				27A12C6E1A2E90E500846803 /* SignedJSON.m in Sources */,
				27A12C711A2E91E800846803 /* tweetnacl.c in Sources */,
				27A12C9D1A2E930800846803 /* sha2big.c in Sources */,
				27A12C721A2E920200846803 /* fe_0.c in Sources */,
				27A12C731A2E920200846803 /* fe_1.c in Sources */,
				27A12C741A2E920200846803 /* fe_add.c in Sources */,
				27A12C751A2E920200846803 /* fe_cmov.c in Sources */,
				27A12C761A2E920200846803 /* fe_copy.c in Sources */,
				27A12C9F1A2E93AF00846803 /* sha512.c in Sources */,
				27A12C771A2E920200846803 /* fe_frombytes.c in Sources */,
				27A12C781A2E920200846803 /* fe_invert.c in Sources */,
				27A12C791A2E920200846803 /* fe_isnegative.c in Sources */,
				27A12C7A1A2E920200846803 /* fe_isnonzero.c in Sources */,
				27A12C7B1A2E920200846803 /* fe_mul.c in Sources */,
				27A12C7C1A2E920200846803 /* fe_neg.c in Sources */,
				27A12C7D1A2E920200846803 /* fe_pow22523.c in Sources */,
				27A12C7E1A2E920200846803 /* fe_sq.c in Sources */,
				27A12C7F1A2E920200846803 /* fe_sq2.c in Sources */,
				27A12C801A2E920200846803 /* fe_sub.c in Sources */,
				27A12C811A2E920200846803 /* fe_tobytes.c in Sources */,
				27A12C9B1A2E92F100846803 /* sign_modified.c in Sources */,
				27A12C991A2E92E900846803 /* curve_sigs.c in Sources */,
				27A12C821A2E920200846803 /* ge_add.c in Sources */,
				27A12C831A2E920200846803 /* ge_double_scalarmult.c in Sources */,
				27A12C841A2E920200846803 /* ge_frombytes.c in Sources */,
				27A12C851A2E920200846803 /* ge_madd.c in Sources */,
				27A12C861A2E920200846803 /* ge_msub.c in Sources */,
				27A12C871A2E920200846803 /* ge_p1p1_to_p2.c in Sources */,
				27A12C881A2E920200846803 /* ge_p1p1_to_p3.c in Sources */,
				27A12C891A2E920200846803 /* ge_p2_0.c in Sources */,
				27A12C981A2E92E400846803 /* compare.c in Sources */,
				27A12C8A1A2E920200846803 /* ge_p2_dbl.c in Sources */,
				27A12C9C1A2E92F500846803 /* zeroize.c in Sources */,
				27A12C8B1A2E920200846803 /* ge_p3_0.c in Sources */,
				27A12C8C1A2E920200846803 /* ge_p3_dbl.c in Sources */,
				27A12C8D1A2E920200846803 /* ge_p3_to_cached.c in Sources */,
				27A12C8E1A2E920200846803 /* ge_p3_to_p2.c in Sources */,
				27A12C8F1A2E920200846803 /* ge_p3_tobytes.c in Sources */,
				27A12C901A2E920200846803 /* ge_precomp_0.c in Sources */,
				27A12C911A2E920200846803 /* ge_scalarmult_base.c in Sources */,
				27A12C921A2E920200846803 /* ge_sub.c in Sources */,
				27A12C931A2E920200846803 /* ge_tobytes.c in Sources */,
				27A12C941A2E920200846803 /* open.c in Sources */,
				27A12C951A2E920200846803 /* sc_muladd.c in Sources */,
				27A12C961A2E920200846803 /* sc_reduce.c in Sources */,
				27A12C971A2E920200846803 /* sign.c in Sources */,
			);
			runOnlyForDeploymentPostprocessing = 0;
		};
		27A12C5A1A2E90B200846803 /* Sources */ = {
			isa = PBXSourcesBuildPhase;
			buildActionMask = 2147483647;
			files = (
				27A12C6F1A2E918800846803 /* Key_Test.m in Sources */,
				27A12C701A2E918B00846803 /* SignedJSON_Test.m in Sources */,
			);
			runOnlyForDeploymentPostprocessing = 0;
		};
/* End PBXSourcesBuildPhase section */

/* Begin PBXTargetDependency section */
		2776D11C19AC417F0053D0A6 /* PBXTargetDependency */ = {
			isa = PBXTargetDependency;
			target = 2776D10219AC40270053D0A6 /* SeekritOSX */;
			targetProxy = 2776D11B19AC417F0053D0A6 /* PBXContainerItemProxy */;
		};
		27A12C611A2E90B200846803 /* PBXTargetDependency */ = {
			isa = PBXTargetDependency;
			target = 27A12C531A2E90B200846803 /* SeekritIOS */;
			targetProxy = 27A12C601A2E90B200846803 /* PBXContainerItemProxy */;
		};
/* End PBXTargetDependency section */

/* Begin XCBuildConfiguration section */
		2776D0EE19AC1ABD0053D0A6 /* Debug */ = {
			isa = XCBuildConfiguration;
			buildSettings = {
				ALWAYS_SEARCH_USER_PATHS = NO;
				CLANG_CXX_LANGUAGE_STANDARD = "gnu++0x";
				CLANG_CXX_LIBRARY = "libc++";
				CLANG_ENABLE_MODULES = YES;
				CLANG_ENABLE_OBJC_ARC = YES;
				CLANG_WARN_BOOL_CONVERSION = YES;
				CLANG_WARN_CONSTANT_CONVERSION = YES;
				CLANG_WARN_DIRECT_OBJC_ISA_USAGE = YES_ERROR;
				CLANG_WARN_EMPTY_BODY = YES;
				CLANG_WARN_ENUM_CONVERSION = YES;
				CLANG_WARN_INT_CONVERSION = YES;
				CLANG_WARN_OBJC_ROOT_CLASS = YES_ERROR;
				CLANG_WARN_UNREACHABLE_CODE = YES;
				CLANG_WARN__DUPLICATE_METHOD_MATCH = YES;
				COPY_PHASE_STRIP = NO;
				ENABLE_STRICT_OBJC_MSGSEND = YES;
				GCC_C_LANGUAGE_STANDARD = gnu99;
				GCC_DYNAMIC_NO_PIC = NO;
				GCC_OPTIMIZATION_LEVEL = 0;
				GCC_PREPROCESSOR_DEFINITIONS = (
					"DEBUG=1",
					"$(inherited)",
				);
				GCC_SYMBOLS_PRIVATE_EXTERN = NO;
				GCC_TREAT_WARNINGS_AS_ERRORS = YES;
				GCC_WARN_64_TO_32_BIT_CONVERSION = YES;
				GCC_WARN_ABOUT_RETURN_TYPE = YES_ERROR;
				GCC_WARN_UNDECLARED_SELECTOR = YES;
				GCC_WARN_UNINITIALIZED_AUTOS = YES_AGGRESSIVE;
				GCC_WARN_UNUSED_FUNCTION = YES;
				GCC_WARN_UNUSED_VARIABLE = NO;
				IPHONEOS_DEPLOYMENT_TARGET = 8.0;
				MTL_ENABLE_DEBUG_INFO = YES;
				ONLY_ACTIVE_ARCH = YES;
				OTHER_LDFLAGS = "-ObjC";
				SDKROOT = macosx;
			};
			name = Debug;
		};
		2776D0EF19AC1ABD0053D0A6 /* Release */ = {
			isa = XCBuildConfiguration;
			buildSettings = {
				ALWAYS_SEARCH_USER_PATHS = NO;
				CLANG_CXX_LANGUAGE_STANDARD = "gnu++0x";
				CLANG_CXX_LIBRARY = "libc++";
				CLANG_ENABLE_MODULES = YES;
				CLANG_ENABLE_OBJC_ARC = YES;
				CLANG_WARN_BOOL_CONVERSION = YES;
				CLANG_WARN_CONSTANT_CONVERSION = YES;
				CLANG_WARN_DIRECT_OBJC_ISA_USAGE = YES_ERROR;
				CLANG_WARN_EMPTY_BODY = YES;
				CLANG_WARN_ENUM_CONVERSION = YES;
				CLANG_WARN_INT_CONVERSION = YES;
				CLANG_WARN_OBJC_ROOT_CLASS = YES_ERROR;
				CLANG_WARN_UNREACHABLE_CODE = YES;
				CLANG_WARN__DUPLICATE_METHOD_MATCH = YES;
				COPY_PHASE_STRIP = YES;
				ENABLE_NS_ASSERTIONS = NO;
				ENABLE_STRICT_OBJC_MSGSEND = YES;
				GCC_C_LANGUAGE_STANDARD = gnu99;
				GCC_TREAT_WARNINGS_AS_ERRORS = YES;
				GCC_WARN_64_TO_32_BIT_CONVERSION = YES;
				GCC_WARN_ABOUT_RETURN_TYPE = YES_ERROR;
				GCC_WARN_UNDECLARED_SELECTOR = YES;
				GCC_WARN_UNINITIALIZED_AUTOS = YES_AGGRESSIVE;
				GCC_WARN_UNUSED_FUNCTION = YES;
				GCC_WARN_UNUSED_VARIABLE = NO;
				IPHONEOS_DEPLOYMENT_TARGET = 8.0;
				MTL_ENABLE_DEBUG_INFO = NO;
				OTHER_LDFLAGS = "-ObjC";
				SDKROOT = macosx;
				VALIDATE_PRODUCT = YES;
			};
			name = Release;
		};
		2776D11219AC40270053D0A6 /* Debug */ = {
			isa = XCBuildConfiguration;
			buildSettings = {
				COMBINE_HIDPI_IMAGES = YES;
				EXECUTABLE_PREFIX = lib;
				GCC_PREPROCESSOR_DEFINITIONS = (
					"DEBUG=1",
					"$(inherited)",
				);
				MACOSX_DEPLOYMENT_TARGET = 10.8;
				OTHER_LDFLAGS = "";
				PRODUCT_NAME = "$(TARGET_NAME)";
				SDKROOT = macosx;
			};
			name = Debug;
		};
		2776D11319AC40270053D0A6 /* Release */ = {
			isa = XCBuildConfiguration;
			buildSettings = {
				COMBINE_HIDPI_IMAGES = YES;
				DEBUG_INFORMATION_FORMAT = "dwarf-with-dsym";
				EXECUTABLE_PREFIX = lib;
				MACOSX_DEPLOYMENT_TARGET = 10.8;
				OTHER_LDFLAGS = "";
				PRODUCT_NAME = "$(TARGET_NAME)";
				SDKROOT = macosx;
			};
			name = Release;
		};
		2776D11519AC40270053D0A6 /* Debug */ = {
			isa = XCBuildConfiguration;
			buildSettings = {
				COMBINE_HIDPI_IMAGES = YES;
				FRAMEWORK_SEARCH_PATHS = (
					"$(DEVELOPER_FRAMEWORKS_DIR)",
					"$(inherited)",
				);
				GCC_PREPROCESSOR_DEFINITIONS = (
					"DEBUG=1",
					"$(inherited)",
				);
				INFOPLIST_FILE = SeekritOSXTests/Info.plist;
				LIBRARY_SEARCH_PATHS = (
					"$(inherited)",
					"$(PROJECT_DIR)/build/Seekrit/Build/Products/Debug",
				);
				MACOSX_DEPLOYMENT_TARGET = 10.10;
				OTHER_LDFLAGS = "-ObjC";
				PRODUCT_NAME = "$(TARGET_NAME)";
				SDKROOT = macosx;
				WRAPPER_EXTENSION = xctest;
			};
			name = Debug;
		};
		2776D11619AC40270053D0A6 /* Release */ = {
			isa = XCBuildConfiguration;
			buildSettings = {
				COMBINE_HIDPI_IMAGES = YES;
				DEBUG_INFORMATION_FORMAT = "dwarf-with-dsym";
				FRAMEWORK_SEARCH_PATHS = (
					"$(DEVELOPER_FRAMEWORKS_DIR)",
					"$(inherited)",
				);
				INFOPLIST_FILE = SeekritOSXTests/Info.plist;
				LIBRARY_SEARCH_PATHS = (
					"$(inherited)",
					"$(PROJECT_DIR)/build/Seekrit/Build/Products/Debug",
				);
				MACOSX_DEPLOYMENT_TARGET = 10.10;
				OTHER_LDFLAGS = "-ObjC";
				PRODUCT_NAME = "$(TARGET_NAME)";
				SDKROOT = macosx;
				WRAPPER_EXTENSION = xctest;
			};
			name = Release;
		};
		27A12C661A2E90B200846803 /* Debug */ = {
			isa = XCBuildConfiguration;
			buildSettings = {
				GCC_PREPROCESSOR_DEFINITIONS = (
					"DEBUG=1",
					"$(inherited)",
				);
				"GCC_WARN_64_TO_32_BIT_CONVERSION[arch=*64]" = NO;
				IPHONEOS_DEPLOYMENT_TARGET = 8.1;
				OTHER_LDFLAGS = "-ObjC";
				PRODUCT_NAME = "$(TARGET_NAME)";
				SDKROOT = iphoneos;
				SKIP_INSTALL = YES;
			};
			name = Debug;
		};
		27A12C671A2E90B200846803 /* Release */ = {
			isa = XCBuildConfiguration;
			buildSettings = {
				"GCC_WARN_64_TO_32_BIT_CONVERSION[arch=*64]" = NO;
				IPHONEOS_DEPLOYMENT_TARGET = 8.1;
				OTHER_LDFLAGS = "-ObjC";
				PRODUCT_NAME = "$(TARGET_NAME)";
				SDKROOT = iphoneos;
				SKIP_INSTALL = YES;
			};
			name = Release;
		};
		27A12C691A2E90B200846803 /* Debug */ = {
			isa = XCBuildConfiguration;
			buildSettings = {
				FRAMEWORK_SEARCH_PATHS = (
					"$(SDKROOT)/Developer/Library/Frameworks",
					"$(inherited)",
				);
				GCC_PREPROCESSOR_DEFINITIONS = (
					"DEBUG=1",
					"$(inherited)",
				);
				INFOPLIST_FILE = SeekritOSXTests/Info.plist;
				IPHONEOS_DEPLOYMENT_TARGET = 8.1;
				LD_RUNPATH_SEARCH_PATHS = "$(inherited) @executable_path/Frameworks @loader_path/Frameworks";
				PRODUCT_NAME = "$(TARGET_NAME)";
				SDKROOT = iphoneos;
			};
			name = Debug;
		};
		27A12C6A1A2E90B200846803 /* Release */ = {
			isa = XCBuildConfiguration;
			buildSettings = {
				FRAMEWORK_SEARCH_PATHS = (
					"$(SDKROOT)/Developer/Library/Frameworks",
					"$(inherited)",
				);
				INFOPLIST_FILE = SeekritOSXTests/Info.plist;
				IPHONEOS_DEPLOYMENT_TARGET = 8.1;
				LD_RUNPATH_SEARCH_PATHS = "$(inherited) @executable_path/Frameworks @loader_path/Frameworks";
				PRODUCT_NAME = "$(TARGET_NAME)";
				SDKROOT = iphoneos;
			};
			name = Release;
		};
/* End XCBuildConfiguration section */

/* Begin XCConfigurationList section */
		2776D0DA19AC1ABD0053D0A6 /* Build configuration list for PBXProject "Seekrit" */ = {
			isa = XCConfigurationList;
			buildConfigurations = (
				2776D0EE19AC1ABD0053D0A6 /* Debug */,
				2776D0EF19AC1ABD0053D0A6 /* Release */,
			);
			defaultConfigurationIsVisible = 0;
			defaultConfigurationName = Release;
		};
		2776D11119AC40270053D0A6 /* Build configuration list for PBXNativeTarget "SeekritOSX" */ = {
			isa = XCConfigurationList;
			buildConfigurations = (
				2776D11219AC40270053D0A6 /* Debug */,
				2776D11319AC40270053D0A6 /* Release */,
			);
			defaultConfigurationIsVisible = 0;
			defaultConfigurationName = Release;
		};
		2776D11419AC40270053D0A6 /* Build configuration list for PBXNativeTarget "SeekritOSXTests" */ = {
			isa = XCConfigurationList;
			buildConfigurations = (
				2776D11519AC40270053D0A6 /* Debug */,
				2776D11619AC40270053D0A6 /* Release */,
			);
			defaultConfigurationIsVisible = 0;
			defaultConfigurationName = Release;
		};
		27A12C651A2E90B200846803 /* Build configuration list for PBXNativeTarget "SeekritIOS" */ = {
			isa = XCConfigurationList;
			buildConfigurations = (
				27A12C661A2E90B200846803 /* Debug */,
				27A12C671A2E90B200846803 /* Release */,
			);
			defaultConfigurationIsVisible = 0;
		};
		27A12C681A2E90B200846803 /* Build configuration list for PBXNativeTarget "SeekritIOSTests" */ = {
			isa = XCConfigurationList;
			buildConfigurations = (
				27A12C691A2E90B200846803 /* Debug */,
				27A12C6A1A2E90B200846803 /* Release */,
			);
			defaultConfigurationIsVisible = 0;
		};
/* End XCConfigurationList section */
	};
	rootObject = 2776D0D719AC1ABD0053D0A6 /* Project object */;
}
